{
  "name": "wonderscript-alpha",
  "version": "0.0.1",
  "lockfileVersion": 2,
  "requires": true,
  "packages": {
    "": {
      "name": "wonderscript-alpha",
      "version": "0.0.1",
      "license": "MIT",
      "devDependencies": {
        "uglify-js": "^3.11.5"
      }
    },
    "node_modules/uglify-js": {
      "version": "3.11.5",
      "resolved": "https://registry.npmjs.org/uglify-js/-/uglify-js-3.11.5.tgz",
      "integrity": "sha512-btvv/baMqe7HxP7zJSF7Uc16h1mSfuuSplT0/qdjxseesDU+yYzH33eHBH+eMdeRXwujXspaCTooWHQVVBh09w==",
      "dev": true,
      "bin": {
        "uglifyjs": "bin/uglifyjs"
      },
      "engines": {
        "node": ">=0.8.0"
      }
    }
  },
  "dependencies": {
    "uglify-js": {
      "version": "3.11.5",
      "resolved": "https://registry.npmjs.org/uglify-js/-/uglify-js-3.11.5.tgz",
      "integrity": "sha512-btvv/baMqe7HxP7zJSF7Uc16h1mSfuuSplT0/qdjxseesDU+yYzH33eHBH+eMdeRXwujXspaCTooWHQVVBh09w==",
      "dev": true
    }
  }
}
