{
  "name": "wonderscript-alpha",
  "version": "0.0.1",
  "lockfileVersion": 1,
  "requires": true,
  "dependencies": {
    "uglify-js": {
      "version": "3.11.5",
      "resolved": "https://registry.npmjs.org/uglify-js/-/uglify-js-3.11.5.tgz",
      "integrity": "sha512-btvv/baMqe7HxP7zJSF7Uc16h1mSfuuSplT0/qdjxseesDU+yYzH33eHBH+eMdeRXwujXspaCTooWHQVVBh09w==",
      "dev": true
    }
  }
}
